
Microsoft Visual Studio Solution File, Format Version 12.00
# Visual Studio 15
VisualStudioVersion = 15.0.28307.421
MinimumVisualStudioVersion = 10.0.40219.1
Project("{FAE04EC0-301F-11D3-BF4B-00C04F79EFBC}") = "DatabasePractice", "DatabasePractice\DatabasePractice.csproj", "{8CF741E8-B11F-4D0A-BFBB-1C3F14149390}"
EndProject
Global
	GlobalSection(SolutionConfigurationPlatforms) = preSolution
		Debug|Any CPU = Debug|Any CPU
		Release|Any CPU = Release|Any CPU
	EndGlobalSection
	GlobalSection(ProjectConfigurationPlatforms) = postSolution
		{8CF741E8-B11F-4D0A-BFBB-1C3F14149390}.Debug|Any CPU.ActiveCfg = Debug|Any CPU
		{8CF741E8-B11F-4D0A-BFBB-1C3F14149390}.Debug|Any CPU.Build.0 = Debug|Any CPU
		{8CF741E8-B11F-4D0A-BFBB-1C3F14149390}.Release|Any CPU.ActiveCfg = Release|Any CPU
		{8CF741E8-B11F-4D0A-BFBB-1C3F14149390}.Release|Any CPU.Build.0 = Release|Any CPU
	EndGlobalSection
	GlobalSection(SolutionProperties) = preSolution
		HideSolutionNode = FALSE
	EndGlobalSection
	GlobalSection(ExtensibilityGlobals) = postSolution
		SolutionGuid = {6C2F59B4-FC2A-4152-A354-6599A1D2B0BE}
	EndGlobalSection
EndGlobal
